
Microsoft Visual Studio Solution File, Format Version 12.00
# Visual Studio 2013
VisualStudioVersion = 12.0.30723.0
MinimumVisualStudioVersion = 10.0.40219.1
Project("{FAE04EC0-301F-11D3-BF4B-00C04F79EFBC}") = "Unic.PackMan.Core", "src\Unic.PackMan.Core\Unic.PackMan.Core.csproj", "{12B5ACD2-A600-4DC3-A70D-8C3E0F7AEB07}"
EndProject
Project("{FAE04EC0-301F-11D3-BF4B-00C04F79EFBC}") = "Unic.PackMan.Website", "src\Unic.PackMan.Website\Unic.PackMan.Website.csproj", "{58966014-6C5D-4DE0-AF2C-D1CF14FC3CF7}"
EndProject
Project("{FAE04EC0-301F-11D3-BF4B-00C04F79EFBC}") = "Unic.PackMan.Core.Sitecore7", "src\Unic.PackMan.Core.Sitecore7\Unic.PackMan.Core.Sitecore7\Unic.PackMan.Core.Sitecore7.csproj", "{44A321C6-56F8-4476-A1E8-65B4E4D65157}"
EndProject
Project("{FAE04EC0-301F-11D3-BF4B-00C04F79EFBC}") = "Unic.PackMan.Core.Sitecore6", "src\Unic.PackMan.Core.Sitecore6\Unic.PackMan.Core.Sitecore6\Unic.PackMan.Core.Sitecore6.csproj", "{B674CC85-BEDF-438D-9909-CE08AA7E1ADF}"
EndProject
Project("{FAE04EC0-301F-11D3-BF4B-00C04F79EFBC}") = "Unic.PackMan.Website.Sitecore6", "src\Unic.PackMan.Website.Sitecore6\Unic.PackMan.Website.Sitecore6\Unic.PackMan.Website.Sitecore6.csproj", "{D504AABF-DBC2-4424-8107-C454332DA97E}"
EndProject
Project("{FAE04EC0-301F-11D3-BF4B-00C04F79EFBC}") = "Unic.PackMan.Website.Sitecore7", "src\Unic.PackMan.Website.Sitecore7\Unic.PackMan.Website.Sitecore7\Unic.PackMan.Website.Sitecore7.csproj", "{30937EBF-A073-41EB-B055-EBF8ED36CD2D}"
EndProject
Global
	GlobalSection(SolutionConfigurationPlatforms) = preSolution
		Debug|Any CPU = Debug|Any CPU
		Release|Any CPU = Release|Any CPU
	EndGlobalSection
	GlobalSection(ProjectConfigurationPlatforms) = postSolution
		{12B5ACD2-A600-4DC3-A70D-8C3E0F7AEB07}.Debug|Any CPU.ActiveCfg = Debug|Any CPU
		{12B5ACD2-A600-4DC3-A70D-8C3E0F7AEB07}.Debug|Any CPU.Build.0 = Debug|Any CPU
		{12B5ACD2-A600-4DC3-A70D-8C3E0F7AEB07}.Release|Any CPU.ActiveCfg = Release|Any CPU
		{12B5ACD2-A600-4DC3-A70D-8C3E0F7AEB07}.Release|Any CPU.Build.0 = Release|Any CPU
		{58966014-6C5D-4DE0-AF2C-D1CF14FC3CF7}.Debug|Any CPU.ActiveCfg = Debug|Any CPU
		{58966014-6C5D-4DE0-AF2C-D1CF14FC3CF7}.Debug|Any CPU.Build.0 = Debug|Any CPU
		{58966014-6C5D-4DE0-AF2C-D1CF14FC3CF7}.Release|Any CPU.ActiveCfg = Release|Any CPU
		{58966014-6C5D-4DE0-AF2C-D1CF14FC3CF7}.Release|Any CPU.Build.0 = Release|Any CPU
		{44A321C6-56F8-4476-A1E8-65B4E4D65157}.Debug|Any CPU.ActiveCfg = Debug|Any CPU
		{44A321C6-56F8-4476-A1E8-65B4E4D65157}.Debug|Any CPU.Build.0 = Debug|Any CPU
		{44A321C6-56F8-4476-A1E8-65B4E4D65157}.Release|Any CPU.ActiveCfg = Release|Any CPU
		{44A321C6-56F8-4476-A1E8-65B4E4D65157}.Release|Any CPU.Build.0 = Release|Any CPU
		{B674CC85-BEDF-438D-9909-CE08AA7E1ADF}.Debug|Any CPU.ActiveCfg = Debug|Any CPU
		{B674CC85-BEDF-438D-9909-CE08AA7E1ADF}.Debug|Any CPU.Build.0 = Debug|Any CPU
		{B674CC85-BEDF-438D-9909-CE08AA7E1ADF}.Release|Any CPU.ActiveCfg = Release|Any CPU
		{B674CC85-BEDF-438D-9909-CE08AA7E1ADF}.Release|Any CPU.Build.0 = Release|Any CPU
		{D504AABF-DBC2-4424-8107-C454332DA97E}.Debug|Any CPU.ActiveCfg = Debug|Any CPU
		{D504AABF-DBC2-4424-8107-C454332DA97E}.Debug|Any CPU.Build.0 = Debug|Any CPU
		{D504AABF-DBC2-4424-8107-C454332DA97E}.Release|Any CPU.ActiveCfg = Release|Any CPU
		{D504AABF-DBC2-4424-8107-C454332DA97E}.Release|Any CPU.Build.0 = Release|Any CPU
		{30937EBF-A073-41EB-B055-EBF8ED36CD2D}.Debug|Any CPU.ActiveCfg = Debug|Any CPU
		{30937EBF-A073-41EB-B055-EBF8ED36CD2D}.Debug|Any CPU.Build.0 = Debug|Any CPU
		{30937EBF-A073-41EB-B055-EBF8ED36CD2D}.Release|Any CPU.ActiveCfg = Release|Any CPU
		{30937EBF-A073-41EB-B055-EBF8ED36CD2D}.Release|Any CPU.Build.0 = Release|Any CPU
	EndGlobalSection
	GlobalSection(SolutionProperties) = preSolution
		HideSolutionNode = FALSE
	EndGlobalSection
EndGlobal
